
Microsoft Visual Studio Solution File, Format Version 12.00
# Visual Studio Version 17
VisualStudioVersion = 17.7.34221.43
MinimumVisualStudioVersion = 10.0.40219.1
Project("{FAE04EC0-301F-11D3-BF4B-00C04F79EFBC}") = "questBot", "questBot\questBot.csproj", "{6412D153-5392-4AE3-BB2F-50961DF4AF1C}"
EndProject
Global
	GlobalSection(SolutionConfigurationPlatforms) = preSolution
		Debug|Any CPU = Debug|Any CPU
		Release|Any CPU = Release|Any CPU
	EndGlobalSection
	GlobalSection(ProjectConfigurationPlatforms) = postSolution
		{6412D153-5392-4AE3-BB2F-50961DF4AF1C}.Debug|Any CPU.ActiveCfg = Debug|Any CPU
		{6412D153-5392-4AE3-BB2F-50961DF4AF1C}.Debug|Any CPU.Build.0 = Debug|Any CPU
		{6412D153-5392-4AE3-BB2F-50961DF4AF1C}.Release|Any CPU.ActiveCfg = Release|Any CPU
		{6412D153-5392-4AE3-BB2F-50961DF4AF1C}.Release|Any CPU.Build.0 = Release|Any CPU
	EndGlobalSection
	GlobalSection(SolutionProperties) = preSolution
		HideSolutionNode = FALSE
	EndGlobalSection
	GlobalSection(ExtensibilityGlobals) = postSolution
		SolutionGuid = {88957ABB-87EC-4D38-B66B-21588345BF3A}
	EndGlobalSection
EndGlobal
